
Microsoft Visual Studio Solution File, Format Version 10.00
# Visual Studio 2008
Project("{FAE04EC0-301F-11D3-BF4B-00C04F79EFBC}") = "waveSamplor", "waveSamplor\waveSamplor.csproj", "{8E2EC4E9-3EC0-4336-8917-F6A6D885430C}"
EndProject
Global
	GlobalSection(SolutionConfigurationPlatforms) = preSolution
		Debug|Any CPU = Debug|Any CPU
		Release|Any CPU = Release|Any CPU
	EndGlobalSection
	GlobalSection(ProjectConfigurationPlatforms) = postSolution
		{8E2EC4E9-3EC0-4336-8917-F6A6D885430C}.Debug|Any CPU.ActiveCfg = Debug|Any CPU
		{8E2EC4E9-3EC0-4336-8917-F6A6D885430C}.Debug|Any CPU.Build.0 = Debug|Any CPU
		{8E2EC4E9-3EC0-4336-8917-F6A6D885430C}.Release|Any CPU.ActiveCfg = Release|Any CPU
		{8E2EC4E9-3EC0-4336-8917-F6A6D885430C}.Release|Any CPU.Build.0 = Release|Any CPU
	EndGlobalSection
	GlobalSection(SolutionProperties) = preSolution
		HideSolutionNode = FALSE
	EndGlobalSection
EndGlobal
